
Microsoft Visual Studio Solution File, Format Version 12.00
# Visual Studio 15
VisualStudioVersion = 15.0.28010.2050
MinimumVisualStudioVersion = 10.0.40219.1
Project("{FAE04EC0-301F-11D3-BF4B-00C04F79EFBC}") = "SmartCache.Tests", "SmartCache.Tests\SmartCache.Tests.csproj", "{5681D095-6E58-4374-ACEC-AEACBC26C90E}"
EndProject
Project("{FAE04EC0-301F-11D3-BF4B-00C04F79EFBC}") = "SmartCache.Grains", "SmartCache.Grains\SmartCache.Grains.csproj", "{83F652AB-F8E9-4E68-B907-494C8020DFCF}"
EndProject
Project("{FAE04EC0-301F-11D3-BF4B-00C04F79EFBC}") = "SmartCache.Contracts", "SmartCache.Contracts\SmartCache.Contracts.csproj", "{92EB2560-96C0-4AD4-BD9A-9D4E4B85F204}"
EndProject
Project("{FAE04EC0-301F-11D3-BF4B-00C04F79EFBC}") = "SmartContracts.Silo", "SmartContracts.Silo\SmartContracts.Silo.csproj", "{574A081C-4999-4767-88D1-66B163FC4681}"
EndProject
Project("{FAE04EC0-301F-11D3-BF4B-00C04F79EFBC}") = "SmartCache.Web", "SmartCache.Web\SmartCache.Web.csproj", "{06E2F1AE-312C-477E-9932-830CDC009288}"
EndProject
Global
	GlobalSection(SolutionConfigurationPlatforms) = preSolution
		Debug|Any CPU = Debug|Any CPU
		Release|Any CPU = Release|Any CPU
	EndGlobalSection
	GlobalSection(ProjectConfigurationPlatforms) = postSolution
		{5681D095-6E58-4374-ACEC-AEACBC26C90E}.Debug|Any CPU.ActiveCfg = Debug|Any CPU
		{5681D095-6E58-4374-ACEC-AEACBC26C90E}.Debug|Any CPU.Build.0 = Debug|Any CPU
		{5681D095-6E58-4374-ACEC-AEACBC26C90E}.Release|Any CPU.ActiveCfg = Release|Any CPU
		{5681D095-6E58-4374-ACEC-AEACBC26C90E}.Release|Any CPU.Build.0 = Release|Any CPU
		{83F652AB-F8E9-4E68-B907-494C8020DFCF}.Debug|Any CPU.ActiveCfg = Debug|Any CPU
		{83F652AB-F8E9-4E68-B907-494C8020DFCF}.Debug|Any CPU.Build.0 = Debug|Any CPU
		{83F652AB-F8E9-4E68-B907-494C8020DFCF}.Release|Any CPU.ActiveCfg = Release|Any CPU
		{83F652AB-F8E9-4E68-B907-494C8020DFCF}.Release|Any CPU.Build.0 = Release|Any CPU
		{92EB2560-96C0-4AD4-BD9A-9D4E4B85F204}.Debug|Any CPU.ActiveCfg = Debug|Any CPU
		{92EB2560-96C0-4AD4-BD9A-9D4E4B85F204}.Debug|Any CPU.Build.0 = Debug|Any CPU
		{92EB2560-96C0-4AD4-BD9A-9D4E4B85F204}.Release|Any CPU.ActiveCfg = Release|Any CPU
		{92EB2560-96C0-4AD4-BD9A-9D4E4B85F204}.Release|Any CPU.Build.0 = Release|Any CPU
		{574A081C-4999-4767-88D1-66B163FC4681}.Debug|Any CPU.ActiveCfg = Debug|Any CPU
		{574A081C-4999-4767-88D1-66B163FC4681}.Debug|Any CPU.Build.0 = Debug|Any CPU
		{574A081C-4999-4767-88D1-66B163FC4681}.Release|Any CPU.ActiveCfg = Release|Any CPU
		{574A081C-4999-4767-88D1-66B163FC4681}.Release|Any CPU.Build.0 = Release|Any CPU
		{06E2F1AE-312C-477E-9932-830CDC009288}.Debug|Any CPU.ActiveCfg = Debug|Any CPU
		{06E2F1AE-312C-477E-9932-830CDC009288}.Debug|Any CPU.Build.0 = Debug|Any CPU
		{06E2F1AE-312C-477E-9932-830CDC009288}.Release|Any CPU.ActiveCfg = Release|Any CPU
		{06E2F1AE-312C-477E-9932-830CDC009288}.Release|Any CPU.Build.0 = Release|Any CPU
	EndGlobalSection
	GlobalSection(SolutionProperties) = preSolution
		HideSolutionNode = FALSE
	EndGlobalSection
	GlobalSection(ExtensibilityGlobals) = postSolution
		SolutionGuid = {B0C45958-1344-4AC2-A73B-4BAB47059ACF}
	EndGlobalSection
EndGlobal
